
Microsoft Visual Studio Solution File, Format Version 12.00
# Visual Studio Version 16
VisualStudioVersion = 16.0.30907.101
MinimumVisualStudioVersion = 10.0.40219.1
Project("{2150E333-8FDC-42A3-9474-1A3956D46DE8}") = "Odev9", "Odev9", "{053C4019-F1B9-4809-919A-A7DCE983C927}"
	ProjectSection(SolutionItems) = preProject
		README.md = README.md
	EndProjectSection
EndProject
Project("{9A19103F-16F7-4668-BE54-9A1E7A4F7556}") = "WebsiteStatus", "WebsiteStatus\WebsiteStatus.csproj", "{FAF6DA8B-AAF3-42C4-B277-DDE8D3A5397C}"
EndProject
Project("{9A19103F-16F7-4668-BE54-9A1E7A4F7556}") = "MiddleWareL", "MiddleWareL\MiddleWareL.csproj", "{3C772173-7DD5-4288-A050-E82DBB06A3B5}"
EndProject
Project("{2150E333-8FDC-42A3-9474-1A3956D46DE8}") = "Odev2", "Odev2", "{040C0D3F-9972-48CB-9816-BE89C24A50A0}"
EndProject
Project("{2150E333-8FDC-42A3-9474-1A3956D46DE8}") = "Odev4", "Odev4", "{B4BD83AE-B0EC-4F8B-A2A3-160CCC7DE487}"
EndProject
Project("{9A19103F-16F7-4668-BE54-9A1E7A4F7556}") = "WebApi", "WebApi\WebApi.csproj", "{5CB04286-8152-4646-86ED-C34C8D50C31A}"
EndProject
Project("{2150E333-8FDC-42A3-9474-1A3956D46DE8}") = "Odev8", "Odev8", "{DE472EAA-1FF7-4FEC-B22E-32E21735A1C8}"
EndProject
Project("{9A19103F-16F7-4668-BE54-9A1E7A4F7556}") = "Hotels.API", "Odev8\Hotels.API\Hotels.API.csproj", "{662AF8A5-98AD-4B27-849A-2A54221E23BD}"
EndProject
Project("{2150E333-8FDC-42A3-9474-1A3956D46DE8}") = "Odev5", "Odev5", "{6877B03D-1A56-43D8-9CA2-F6FD65B2996A}"
EndProject
Project("{9A19103F-16F7-4668-BE54-9A1E7A4F7556}") = "GenericRepoPattern", "GenericRepoPattern\GenericRepoPattern.csproj", "{817BBA43-B473-4EA0-98F0-C5CF8B2580FF}"
EndProject
Project("{2150E333-8FDC-42A3-9474-1A3956D46DE8}") = "Odev6", "Odev6", "{BEAAAA6C-1F78-4F5C-8E72-BC768FF4CAFC}"
EndProject
Project("{9A19103F-16F7-4668-BE54-9A1E7A4F7556}") = "ClientIp", "ClientIp\ClientIp.csproj", "{37632DE5-652D-4944-8C79-1E75B932A26C}"
EndProject
Project("{2150E333-8FDC-42A3-9474-1A3956D46DE8}") = "OdevEKSTRA", "OdevEKSTRA", "{BE5C2869-6735-4939-AEFE-6EF83387BE3F}"
EndProject
Project("{FAE04EC0-301F-11D3-BF4B-00C04F79EFBC}") = "CleanCodeEkstra", "CleanCodeEkstra\CleanCodeEkstra.csproj", "{81544031-D445-4978-8FF7-7FD2D5920617}"
EndProject
Global
	GlobalSection(SolutionConfigurationPlatforms) = preSolution
		Debug|Any CPU = Debug|Any CPU
		Release|Any CPU = Release|Any CPU
	EndGlobalSection
	GlobalSection(ProjectConfigurationPlatforms) = postSolution
		{FAF6DA8B-AAF3-42C4-B277-DDE8D3A5397C}.Debug|Any CPU.ActiveCfg = Debug|Any CPU
		{FAF6DA8B-AAF3-42C4-B277-DDE8D3A5397C}.Debug|Any CPU.Build.0 = Debug|Any CPU
		{FAF6DA8B-AAF3-42C4-B277-DDE8D3A5397C}.Release|Any CPU.ActiveCfg = Release|Any CPU
		{FAF6DA8B-AAF3-42C4-B277-DDE8D3A5397C}.Release|Any CPU.Build.0 = Release|Any CPU
		{3C772173-7DD5-4288-A050-E82DBB06A3B5}.Debug|Any CPU.ActiveCfg = Debug|Any CPU
		{3C772173-7DD5-4288-A050-E82DBB06A3B5}.Debug|Any CPU.Build.0 = Debug|Any CPU
		{3C772173-7DD5-4288-A050-E82DBB06A3B5}.Release|Any CPU.ActiveCfg = Release|Any CPU
		{3C772173-7DD5-4288-A050-E82DBB06A3B5}.Release|Any CPU.Build.0 = Release|Any CPU
		{5CB04286-8152-4646-86ED-C34C8D50C31A}.Debug|Any CPU.ActiveCfg = Debug|Any CPU
		{5CB04286-8152-4646-86ED-C34C8D50C31A}.Debug|Any CPU.Build.0 = Debug|Any CPU
		{5CB04286-8152-4646-86ED-C34C8D50C31A}.Release|Any CPU.ActiveCfg = Release|Any CPU
		{5CB04286-8152-4646-86ED-C34C8D50C31A}.Release|Any CPU.Build.0 = Release|Any CPU
		{662AF8A5-98AD-4B27-849A-2A54221E23BD}.Debug|Any CPU.ActiveCfg = Debug|Any CPU
		{662AF8A5-98AD-4B27-849A-2A54221E23BD}.Debug|Any CPU.Build.0 = Debug|Any CPU
		{662AF8A5-98AD-4B27-849A-2A54221E23BD}.Release|Any CPU.ActiveCfg = Release|Any CPU
		{662AF8A5-98AD-4B27-849A-2A54221E23BD}.Release|Any CPU.Build.0 = Release|Any CPU
		{817BBA43-B473-4EA0-98F0-C5CF8B2580FF}.Debug|Any CPU.ActiveCfg = Debug|Any CPU
		{817BBA43-B473-4EA0-98F0-C5CF8B2580FF}.Debug|Any CPU.Build.0 = Debug|Any CPU
		{817BBA43-B473-4EA0-98F0-C5CF8B2580FF}.Release|Any CPU.ActiveCfg = Release|Any CPU
		{817BBA43-B473-4EA0-98F0-C5CF8B2580FF}.Release|Any CPU.Build.0 = Release|Any CPU
		{37632DE5-652D-4944-8C79-1E75B932A26C}.Debug|Any CPU.ActiveCfg = Debug|Any CPU
		{37632DE5-652D-4944-8C79-1E75B932A26C}.Debug|Any CPU.Build.0 = Debug|Any CPU
		{37632DE5-652D-4944-8C79-1E75B932A26C}.Release|Any CPU.ActiveCfg = Release|Any CPU
		{37632DE5-652D-4944-8C79-1E75B932A26C}.Release|Any CPU.Build.0 = Release|Any CPU
		{81544031-D445-4978-8FF7-7FD2D5920617}.Debug|Any CPU.ActiveCfg = Debug|Any CPU
		{81544031-D445-4978-8FF7-7FD2D5920617}.Debug|Any CPU.Build.0 = Debug|Any CPU
		{81544031-D445-4978-8FF7-7FD2D5920617}.Release|Any CPU.ActiveCfg = Release|Any CPU
		{81544031-D445-4978-8FF7-7FD2D5920617}.Release|Any CPU.Build.0 = Release|Any CPU
	EndGlobalSection
	GlobalSection(SolutionProperties) = preSolution
		HideSolutionNode = FALSE
	EndGlobalSection
	GlobalSection(NestedProjects) = preSolution
		{FAF6DA8B-AAF3-42C4-B277-DDE8D3A5397C} = {053C4019-F1B9-4809-919A-A7DCE983C927}
		{3C772173-7DD5-4288-A050-E82DBB06A3B5} = {040C0D3F-9972-48CB-9816-BE89C24A50A0}
		{5CB04286-8152-4646-86ED-C34C8D50C31A} = {B4BD83AE-B0EC-4F8B-A2A3-160CCC7DE487}
		{662AF8A5-98AD-4B27-849A-2A54221E23BD} = {DE472EAA-1FF7-4FEC-B22E-32E21735A1C8}
		{817BBA43-B473-4EA0-98F0-C5CF8B2580FF} = {6877B03D-1A56-43D8-9CA2-F6FD65B2996A}
		{37632DE5-652D-4944-8C79-1E75B932A26C} = {BEAAAA6C-1F78-4F5C-8E72-BC768FF4CAFC}
		{81544031-D445-4978-8FF7-7FD2D5920617} = {BE5C2869-6735-4939-AEFE-6EF83387BE3F}
	EndGlobalSection
	GlobalSection(ExtensibilityGlobals) = postSolution
		SolutionGuid = {D59E0BAD-F2A4-473D-A2B3-30A33AB202A7}
	EndGlobalSection
EndGlobal
